
Microsoft Visual Studio Solution File, Format Version 12.00
# Visual Studio Version 16
VisualStudioVersion = 16.0.28803.352
MinimumVisualStudioVersion = 10.0.40219.1
Project("{FAE04EC0-301F-11D3-BF4B-00C04F79EFBC}") = "OldWebApp.NetCore", "OldWebApp.NetCore\OldWebApp.NetCore.csproj", "{B57C70DC-A51A-4263-8235-4F097E1F1982}"
EndProject
Global
	GlobalSection(SolutionConfigurationPlatforms) = preSolution
		Debug|Any CPU = Debug|Any CPU
		Release|Any CPU = Release|Any CPU
	EndGlobalSection
	GlobalSection(ProjectConfigurationPlatforms) = postSolution
		{B57C70DC-A51A-4263-8235-4F097E1F1982}.Debug|Any CPU.ActiveCfg = Debug|Any CPU
		{B57C70DC-A51A-4263-8235-4F097E1F1982}.Debug|Any CPU.Build.0 = Debug|Any CPU
		{B57C70DC-A51A-4263-8235-4F097E1F1982}.Release|Any CPU.ActiveCfg = Release|Any CPU
		{B57C70DC-A51A-4263-8235-4F097E1F1982}.Release|Any CPU.Build.0 = Release|Any CPU
	EndGlobalSection
	GlobalSection(SolutionProperties) = preSolution
		HideSolutionNode = FALSE
	EndGlobalSection
	GlobalSection(ExtensibilityGlobals) = postSolution
		SolutionGuid = {7DD9B79F-CEB9-423F-A000-DA38496AAB48}
	EndGlobalSection
EndGlobal
